// !$*UTF8*$!
{
	archiveVersion = 1;
	classes = {
	};
	objectVersion = 46;
	objects = {

/* Begin PBXBuildFile section */
		D9E8D74A190564B1004E152B /* Foundation.framework in Frameworks */ = {isa = PBXBuildFile; fileRef = D9E8D749190564B1004E152B /* Foundation.framework */; };
		D9E8D74C190564B1004E152B /* CoreGraphics.framework in Frameworks */ = {isa = PBXBuildFile; fileRef = D9E8D74B190564B1004E152B /* CoreGraphics.framework */; };
		D9E8D74E190564B1004E152B /* UIKit.framework in Frameworks */ = {isa = PBXBuildFile; fileRef = D9E8D74D190564B1004E152B /* UIKit.framework */; };
		D9E8D754190564B2004E152B /* InfoPlist.strings in Resources */ = {isa = PBXBuildFile; fileRef = D9E8D752190564B2004E152B /* InfoPlist.strings */; };
		D9E8D756190564B2004E152B /* main.m in Sources */ = {isa = PBXBuildFile; fileRef = D9E8D755190564B2004E152B /* main.m */; };
		D9E8D75A190564B2004E152B /* PDAppDelegate.m in Sources */ = {isa = PBXBuildFile; fileRef = D9E8D759190564B2004E152B /* PDAppDelegate.m */; };
		D9E8D75D190564B2004E152B /* Main.storyboard in Resources */ = {isa = PBXBuildFile; fileRef = D9E8D75B190564B2004E152B /* Main.storyboard */; };
		D9E8D760190564B2004E152B /* PDViewController.m in Sources */ = {isa = PBXBuildFile; fileRef = D9E8D75F190564B2004E152B /* PDViewController.m */; };
		D9E8D762190564B2004E152B /* Images.xcassets in Resources */ = {isa = PBXBuildFile; fileRef = D9E8D761190564B2004E152B /* Images.xcassets */; };
		D9E8D769190564B2004E152B /* XCTest.framework in Frameworks */ = {isa = PBXBuildFile; fileRef = D9E8D768190564B2004E152B /* XCTest.framework */; };
		D9E8D76A190564B2004E152B /* Foundation.framework in Frameworks */ = {isa = PBXBuildFile; fileRef = D9E8D749190564B1004E152B /* Foundation.framework */; };
		D9E8D76B190564B2004E152B /* UIKit.framework in Frameworks */ = {isa = PBXBuildFile; fileRef = D9E8D74D190564B1004E152B /* UIKit.framework */; };
		D9E8D773190564B2004E152B /* InfoPlist.strings in Resources */ = {isa = PBXBuildFile; fileRef = D9E8D771190564B2004E152B /* InfoPlist.strings */; };
		D9E8D775190564B2004E152B /* BeaconSenderTests.m in Sources */ = {isa = PBXBuildFile; fileRef = D9E8D774190564B2004E152B /* BeaconSenderTests.m */; };
		D9E8D77F190564C2004E152B /* CoreLocation.framework in Frameworks */ = {isa = PBXBuildFile; fileRef = D9E8D77E190564C2004E152B /* CoreLocation.framework */; };
		D9E8D78119056597004E152B /* CoreBluetooth.framework in Frameworks */ = {isa = PBXBuildFile; fileRef = D9E8D78019056597004E152B /* CoreBluetooth.framework */; };
/* End PBXBuildFile section */

/* Begin PBXContainerItemProxy section */
		D9E8D76C190564B2004E152B /* PBXContainerItemProxy */ = {
			isa = PBXContainerItemProxy;
			containerPortal = D9E8D73E190564B1004E152B /* Project object */;
			proxyType = 1;
			remoteGlobalIDString = D9E8D745190564B1004E152B;
			remoteInfo = BeaconSender;
		};
/* End PBXContainerItemProxy section */

/* Begin PBXFileReference section */
		D9E8D746190564B1004E152B /* BeaconSender.app */ = {isa = PBXFileReference; explicitFileType = wrapper.application; includeInIndex = 0; path = BeaconSender.app; sourceTree = BUILT_PRODUCTS_DIR; };
		D9E8D749190564B1004E152B /* Foundation.framework */ = {isa = PBXFileReference; lastKnownFileType = wrapper.framework; name = Foundation.framework; path = System/Library/Frameworks/Foundation.framework; sourceTree = SDKROOT; };
		D9E8D74B190564B1004E152B /* CoreGraphics.framework */ = {isa = PBXFileReference; lastKnownFileType = wrapper.framework; name = CoreGraphics.framework; path = System/Library/Frameworks/CoreGraphics.framework; sourceTree = SDKROOT; };
		D9E8D74D190564B1004E152B /* UIKit.framework */ = {isa = PBXFileReference; lastKnownFileType = wrapper.framework; name = UIKit.framework; path = System/Library/Frameworks/UIKit.framework; sourceTree = SDKROOT; };
		D9E8D751190564B2004E152B /* BeaconSender-Info.plist */ = {isa = PBXFileReference; lastKnownFileType = text.plist.xml; path = "BeaconSender-Info.plist"; sourceTree = "<group>"; };
		D9E8D753190564B2004E152B /* en */ = {isa = PBXFileReference; lastKnownFileType = text.plist.strings; name = en; path = en.lproj/InfoPlist.strings; sourceTree = "<group>"; };
		D9E8D755190564B2004E152B /* main.m */ = {isa = PBXFileReference; lastKnownFileType = sourcecode.c.objc; path = main.m; sourceTree = "<group>"; };
		D9E8D757190564B2004E152B /* BeaconSender-Prefix.pch */ = {isa = PBXFileReference; lastKnownFileType = sourcecode.c.h; path = "BeaconSender-Prefix.pch"; sourceTree = "<group>"; };
		D9E8D758190564B2004E152B /* PDAppDelegate.h */ = {isa = PBXFileReference; lastKnownFileType = sourcecode.c.h; path = PDAppDelegate.h; sourceTree = "<group>"; };
		D9E8D759190564B2004E152B /* PDAppDelegate.m */ = {isa = PBXFileReference; lastKnownFileType = sourcecode.c.objc; path = PDAppDelegate.m; sourceTree = "<group>"; };
		D9E8D75C190564B2004E152B /* Base */ = {isa = PBXFileReference; lastKnownFileType = file.storyboard; name = Base; path = Base.lproj/Main.storyboard; sourceTree = "<group>"; };
		D9E8D75E190564B2004E152B /* PDViewController.h */ = {isa = PBXFileReference; lastKnownFileType = sourcecode.c.h; path = PDViewController.h; sourceTree = "<group>"; };
		D9E8D75F190564B2004E152B /* PDViewController.m */ = {isa = PBXFileReference; lastKnownFileType = sourcecode.c.objc; path = PDViewController.m; sourceTree = "<group>"; };
		D9E8D761190564B2004E152B /* Images.xcassets */ = {isa = PBXFileReference; lastKnownFileType = folder.assetcatalog; path = Images.xcassets; sourceTree = "<group>"; };
		D9E8D767190564B2004E152B /* BeaconSenderTests.xctest */ = {isa = PBXFileReference; explicitFileType = wrapper.cfbundle; includeInIndex = 0; path = BeaconSenderTests.xctest; sourceTree = BUILT_PRODUCTS_DIR; };
		D9E8D768190564B2004E152B /* XCTest.framework */ = {isa = PBXFileReference; lastKnownFileType = wrapper.framework; name = XCTest.framework; path = Library/Frameworks/XCTest.framework; sourceTree = DEVELOPER_DIR; };
		D9E8D770190564B2004E152B /* BeaconSenderTests-Info.plist */ = {isa = PBXFileReference; lastKnownFileType = text.plist.xml; path = "BeaconSenderTests-Info.plist"; sourceTree = "<group>"; };
		D9E8D772190564B2004E152B /* en */ = {isa = PBXFileReference; lastKnownFileType = text.plist.strings; name = en; path = en.lproj/InfoPlist.strings; sourceTree = "<group>"; };
		D9E8D774190564B2004E152B /* BeaconSenderTests.m */ = {isa = PBXFileReference; lastKnownFileType = sourcecode.c.objc; path = BeaconSenderTests.m; sourceTree = "<group>"; };
		D9E8D77E190564C2004E152B /* CoreLocation.framework */ = {isa = PBXFileReference; lastKnownFileType = wrapper.framework; name = CoreLocation.framework; path = System/Library/Frameworks/CoreLocation.framework; sourceTree = SDKROOT; };
		D9E8D78019056597004E152B /* CoreBluetooth.framework */ = {isa = PBXFileReference; lastKnownFileType = wrapper.framework; name = CoreBluetooth.framework; path = System/Library/Frameworks/CoreBluetooth.framework; sourceTree = SDKROOT; };
/* End PBXFileReference section */

/* Begin PBXFrameworksBuildPhase section */
		D9E8D743190564B1004E152B /* Frameworks */ = {
			isa = PBXFrameworksBuildPhase;
			buildActionMask = 2147483647;
			files = (
				D9E8D78119056597004E152B /* CoreBluetooth.framework in Frameworks */,
				D9E8D77F190564C2004E152B /* CoreLocation.framework in Frameworks */,
				D9E8D74C190564B1004E152B /* CoreGraphics.framework in Frameworks */,
				D9E8D74E190564B1004E152B /* UIKit.framework in Frameworks */,
				D9E8D74A190564B1004E152B /* Foundation.framework in Frameworks */,
			);
			runOnlyForDeploymentPostprocessing = 0;
		};
		D9E8D764190564B2004E152B /* Frameworks */ = {
			isa = PBXFrameworksBuildPhase;
			buildActionMask = 2147483647;
			files = (
				D9E8D769190564B2004E152B /* XCTest.framework in Frameworks */,
				D9E8D76B190564B2004E152B /* UIKit.framework in Frameworks */,
				D9E8D76A190564B2004E152B /* Foundation.framework in Frameworks */,
			);
			runOnlyForDeploymentPostprocessing = 0;
		};
/* End PBXFrameworksBuildPhase section */

/* Begin PBXGroup section */
		D9E8D73D190564B1004E152B = {
			isa = PBXGroup;
			children = (
				D9E8D74F190564B2004E152B /* BeaconSender */,
				D9E8D76E190564B2004E152B /* BeaconSenderTests */,
				D9E8D748190564B1004E152B /* Frameworks */,
				D9E8D747190564B1004E152B /* Products */,
			);
			sourceTree = "<group>";
		};
		D9E8D747190564B1004E152B /* Products */ = {
			isa = PBXGroup;
			children = (
				D9E8D746190564B1004E152B /* BeaconSender.app */,
				D9E8D767190564B2004E152B /* BeaconSenderTests.xctest */,
			);
			name = Products;
			sourceTree = "<group>";
		};
		D9E8D748190564B1004E152B /* Frameworks */ = {
			isa = PBXGroup;
			children = (
				D9E8D78019056597004E152B /* CoreBluetooth.framework */,
				D9E8D77E190564C2004E152B /* CoreLocation.framework */,
				D9E8D749190564B1004E152B /* Foundation.framework */,
				D9E8D74B190564B1004E152B /* CoreGraphics.framework */,
				D9E8D74D190564B1004E152B /* UIKit.framework */,
				D9E8D768190564B2004E152B /* XCTest.framework */,
			);
			name = Frameworks;
			sourceTree = "<group>";
		};
		D9E8D74F190564B2004E152B /* BeaconSender */ = {
			isa = PBXGroup;
			children = (
				D9E8D758190564B2004E152B /* PDAppDelegate.h */,
				D9E8D759190564B2004E152B /* PDAppDelegate.m */,
				D9E8D75B190564B2004E152B /* Main.storyboard */,
				D9E8D75E190564B2004E152B /* PDViewController.h */,
				D9E8D75F190564B2004E152B /* PDViewController.m */,
				D9E8D761190564B2004E152B /* Images.xcassets */,
				D9E8D750190564B2004E152B /* Supporting Files */,
			);
			path = BeaconSender;
			sourceTree = "<group>";
		};
		D9E8D750190564B2004E152B /* Supporting Files */ = {
			isa = PBXGroup;
			children = (
				D9E8D751190564B2004E152B /* BeaconSender-Info.plist */,
				D9E8D752190564B2004E152B /* InfoPlist.strings */,
				D9E8D755190564B2004E152B /* main.m */,
				D9E8D757190564B2004E152B /* BeaconSender-Prefix.pch */,
			);
			name = "Supporting Files";
			sourceTree = "<group>";
		};
		D9E8D76E190564B2004E152B /* BeaconSenderTests */ = {
			isa = PBXGroup;
			children = (
				D9E8D774190564B2004E152B /* BeaconSenderTests.m */,
				D9E8D76F190564B2004E152B /* Supporting Files */,
			);
			path = BeaconSenderTests;
			sourceTree = "<group>";
		};
		D9E8D76F190564B2004E152B /* Supporting Files */ = {
			isa = PBXGroup;
			children = (
				D9E8D770190564B2004E152B /* BeaconSenderTests-Info.plist */,
				D9E8D771190564B2004E152B /* InfoPlist.strings */,
			);
			name = "Supporting Files";
			sourceTree = "<group>";
		};
/* End PBXGroup section */

/* Begin PBXNativeTarget section */
		D9E8D745190564B1004E152B /* BeaconSender */ = {
			isa = PBXNativeTarget;
			buildConfigurationList = D9E8D778190564B2004E152B /* Build configuration list for PBXNativeTarget "BeaconSender" */;
			buildPhases = (
				D9E8D742190564B1004E152B /* Sources */,
				D9E8D743190564B1004E152B /* Frameworks */,
				D9E8D744190564B1004E152B /* Resources */,
			);
			buildRules = (
			);
			dependencies = (
			);
			name = BeaconSender;
			productName = BeaconSender;
			productReference = D9E8D746190564B1004E152B /* BeaconSender.app */;
			productType = "com.apple.product-type.application";
		};
		D9E8D766190564B2004E152B /* BeaconSenderTests */ = {
			isa = PBXNativeTarget;
			buildConfigurationList = D9E8D77B190564B2004E152B /* Build configuration list for PBXNativeTarget "BeaconSenderTests" */;
			buildPhases = (
				D9E8D763190564B2004E152B /* Sources */,
				D9E8D764190564B2004E152B /* Frameworks */,
				D9E8D765190564B2004E152B /* Resources */,
			);
			buildRules = (
			);
			dependencies = (
				D9E8D76D190564B2004E152B /* PBXTargetDependency */,
			);
			name = BeaconSenderTests;
			productName = BeaconSenderTests;
			productReference = D9E8D767190564B2004E152B /* BeaconSenderTests.xctest */;
			productType = "com.apple.product-type.bundle.unit-test";
		};
/* End PBXNativeTarget section */

/* Begin PBXProject section */
		D9E8D73E190564B1004E152B /* Project object */ = {
			isa = PBXProject;
			attributes = {
				CLASSPREFIX = PD;
				LastUpgradeCheck = 0510;
				ORGANIZATIONNAME = punchdrunker;
				TargetAttributes = {
					D9E8D766190564B2004E152B = {
						TestTargetID = D9E8D745190564B1004E152B;
					};
				};
			};
			buildConfigurationList = D9E8D741190564B1004E152B /* Build configuration list for PBXProject "BeaconSender" */;
			compatibilityVersion = "Xcode 3.2";
			developmentRegion = English;
			hasScannedForEncodings = 0;
			knownRegions = (
				en,
				Base,
			);
			mainGroup = D9E8D73D190564B1004E152B;
			productRefGroup = D9E8D747190564B1004E152B /* Products */;
			projectDirPath = "";
			projectRoot = "";
			targets = (
				D9E8D745190564B1004E152B /* BeaconSender */,
				D9E8D766190564B2004E152B /* BeaconSenderTests */,
			);
		};
/* End PBXProject section */

/* Begin PBXResourcesBuildPhase section */
		D9E8D744190564B1004E152B /* Resources */ = {
			isa = PBXResourcesBuildPhase;
			buildActionMask = 2147483647;
			files = (
				D9E8D762190564B2004E152B /* Images.xcassets in Resources */,
				D9E8D754190564B2004E152B /* InfoPlist.strings in Resources */,
				D9E8D75D190564B2004E152B /* Main.storyboard in Resources */,
			);
			runOnlyForDeploymentPostprocessing = 0;
		};
		D9E8D765190564B2004E152B /* Resources */ = {
			isa = PBXResourcesBuildPhase;
			buildActionMask = 2147483647;
			files = (
				D9E8D773190564B2004E152B /* InfoPlist.strings in Resources */,
			);
			runOnlyForDeploymentPostprocessing = 0;
		};
/* End PBXResourcesBuildPhase section */

/* Begin PBXSourcesBuildPhase section */
		D9E8D742190564B1004E152B /* Sources */ = {
			isa = PBXSourcesBuildPhase;
			buildActionMask = 2147483647;
			files = (
				D9E8D75A190564B2004E152B /* PDAppDelegate.m in Sources */,
				D9E8D760190564B2004E152B /* PDViewController.m in Sources */,
				D9E8D756190564B2004E152B /* main.m in Sources */,
			);
			runOnlyForDeploymentPostprocessing = 0;
		};
		D9E8D763190564B2004E152B /* Sources */ = {
			isa = PBXSourcesBuildPhase;
			buildActionMask = 2147483647;
			files = (
				D9E8D775190564B2004E152B /* BeaconSenderTests.m in Sources */,
			);
			runOnlyForDeploymentPostprocessing = 0;
		};
/* End PBXSourcesBuildPhase section */

/* Begin PBXTargetDependency section */
		D9E8D76D190564B2004E152B /* PBXTargetDependency */ = {
			isa = PBXTargetDependency;
			target = D9E8D745190564B1004E152B /* BeaconSender */;
			targetProxy = D9E8D76C190564B2004E152B /* PBXContainerItemProxy */;
		};
/* End PBXTargetDependency section */

/* Begin PBXVariantGroup section */
		D9E8D752190564B2004E152B /* InfoPlist.strings */ = {
			isa = PBXVariantGroup;
			children = (
				D9E8D753190564B2004E152B /* en */,
			);
			name = InfoPlist.strings;
			sourceTree = "<group>";
		};
		D9E8D75B190564B2004E152B /* Main.storyboard */ = {
			isa = PBXVariantGroup;
			children = (
				D9E8D75C190564B2004E152B /* Base */,
			);
			name = Main.storyboard;
			sourceTree = "<group>";
		};
		D9E8D771190564B2004E152B /* InfoPlist.strings */ = {
			isa = PBXVariantGroup;
			children = (
				D9E8D772190564B2004E152B /* en */,
			);
			name = InfoPlist.strings;
			sourceTree = "<group>";
		};
/* End PBXVariantGroup section */

/* Begin XCBuildConfiguration section */
		D9E8D776190564B2004E152B /* Debug */ = {
			isa = XCBuildConfiguration;
			buildSettings = {
				ALWAYS_SEARCH_USER_PATHS = NO;
				CLANG_CXX_LANGUAGE_STANDARD = "gnu++0x";
				CLANG_CXX_LIBRARY = "libc++";
				CLANG_ENABLE_MODULES = YES;
				CLANG_ENABLE_OBJC_ARC = YES;
				CLANG_WARN_BOOL_CONVERSION = YES;
				CLANG_WARN_CONSTANT_CONVERSION = YES;
				CLANG_WARN_DIRECT_OBJC_ISA_USAGE = YES_ERROR;
				CLANG_WARN_EMPTY_BODY = YES;
				CLANG_WARN_ENUM_CONVERSION = YES;
				CLANG_WARN_INT_CONVERSION = YES;
				CLANG_WARN_OBJC_ROOT_CLASS = YES_ERROR;
				CLANG_WARN__DUPLICATE_METHOD_MATCH = YES;
				"CODE_SIGN_IDENTITY[sdk=iphoneos*]" = "iPhone Developer";
				COPY_PHASE_STRIP = NO;
				GCC_C_LANGUAGE_STANDARD = gnu99;
				GCC_DYNAMIC_NO_PIC = NO;
				GCC_OPTIMIZATION_LEVEL = 0;
				GCC_PREPROCESSOR_DEFINITIONS = (
					"DEBUG=1",
					"$(inherited)",
				);
				GCC_SYMBOLS_PRIVATE_EXTERN = NO;
				GCC_WARN_64_TO_32_BIT_CONVERSION = YES;
				GCC_WARN_ABOUT_RETURN_TYPE = YES_ERROR;
				GCC_WARN_UNDECLARED_SELECTOR = YES;
				GCC_WARN_UNINITIALIZED_AUTOS = YES_AGGRESSIVE;
				GCC_WARN_UNUSED_FUNCTION = YES;
				GCC_WARN_UNUSED_VARIABLE = YES;
				IPHONEOS_DEPLOYMENT_TARGET = 7.1;
				ONLY_ACTIVE_ARCH = YES;
				SDKROOT = iphoneos;
			};
			name = Debug;
		};
		D9E8D777190564B2004E152B /* Release */ = {
			isa = XCBuildConfiguration;
			buildSettings = {
				ALWAYS_SEARCH_USER_PATHS = NO;
				CLANG_CXX_LANGUAGE_STANDARD = "gnu++0x";
				CLANG_CXX_LIBRARY = "libc++";
				CLANG_ENABLE_MODULES = YES;
				CLANG_ENABLE_OBJC_ARC = YES;
				CLANG_WARN_BOOL_CONVERSION = YES;
				CLANG_WARN_CONSTANT_CONVERSION = YES;
				CLANG_WARN_DIRECT_OBJC_ISA_USAGE = YES_ERROR;
				CLANG_WARN_EMPTY_BODY = YES;
				CLANG_WARN_ENUM_CONVERSION = YES;
				CLANG_WARN_INT_CONVERSION = YES;
				CLANG_WARN_OBJC_ROOT_CLASS = YES_ERROR;
				CLANG_WARN__DUPLICATE_METHOD_MATCH = YES;
				"CODE_SIGN_IDENTITY[sdk=iphoneos*]" = "iPhone Developer";
				COPY_PHASE_STRIP = YES;
				ENABLE_NS_ASSERTIONS = NO;
				GCC_C_LANGUAGE_STANDARD = gnu99;
				GCC_WARN_64_TO_32_BIT_CONVERSION = YES;
				GCC_WARN_ABOUT_RETURN_TYPE = YES_ERROR;
				GCC_WARN_UNDECLARED_SELECTOR = YES;
				GCC_WARN_UNINITIALIZED_AUTOS = YES_AGGRESSIVE;
				GCC_WARN_UNUSED_FUNCTION = YES;
				GCC_WARN_UNUSED_VARIABLE = YES;
				IPHONEOS_DEPLOYMENT_TARGET = 7.1;
				SDKROOT = iphoneos;
				VALIDATE_PRODUCT = YES;
			};
			name = Release;
		};
		D9E8D779190564B2004E152B /* Debug */ = {
			isa = XCBuildConfiguration;
			buildSettings = {
				ASSETCATALOG_COMPILER_APPICON_NAME = AppIcon;
				ASSETCATALOG_COMPILER_LAUNCHIMAGE_NAME = LaunchImage;
				GCC_PRECOMPILE_PREFIX_HEADER = YES;
				GCC_PREFIX_HEADER = "BeaconSender/BeaconSender-Prefix.pch";
				INFOPLIST_FILE = "BeaconSender/BeaconSender-Info.plist";
				PRODUCT_NAME = "$(TARGET_NAME)";
				WRAPPER_EXTENSION = app;
			};
			name = Debug;
		};
		D9E8D77A190564B2004E152B /* Release */ = {
			isa = XCBuildConfiguration;
			buildSettings = {
				ASSETCATALOG_COMPILER_APPICON_NAME = AppIcon;
				ASSETCATALOG_COMPILER_LAUNCHIMAGE_NAME = LaunchImage;
				GCC_PRECOMPILE_PREFIX_HEADER = YES;
				GCC_PREFIX_HEADER = "BeaconSender/BeaconSender-Prefix.pch";
				INFOPLIST_FILE = "BeaconSender/BeaconSender-Info.plist";
				PRODUCT_NAME = "$(TARGET_NAME)";
				WRAPPER_EXTENSION = app;
			};
			name = Release;
		};
		D9E8D77C190564B2004E152B /* Debug */ = {
			isa = XCBuildConfiguration;
			buildSettings = {
				BUNDLE_LOADER = "$(BUILT_PRODUCTS_DIR)/BeaconSender.app/BeaconSender";
				FRAMEWORK_SEARCH_PATHS = (
					"$(SDKROOT)/Developer/Library/Frameworks",
					"$(inherited)",
					"$(DEVELOPER_FRAMEWORKS_DIR)",
				);
				GCC_PRECOMPILE_PREFIX_HEADER = YES;
				GCC_PREFIX_HEADER = "BeaconSender/BeaconSender-Prefix.pch";
				GCC_PREPROCESSOR_DEFINITIONS = (
					"DEBUG=1",
					"$(inherited)",
				);
				INFOPLIST_FILE = "BeaconSenderTests/BeaconSenderTests-Info.plist";
				PRODUCT_NAME = "$(TARGET_NAME)";
				TEST_HOST = "$(BUNDLE_LOADER)";
				WRAPPER_EXTENSION = xctest;
			};
			name = Debug;
		};
		D9E8D77D190564B2004E152B /* Release */ = {
			isa = XCBuildConfiguration;
			buildSettings = {
				BUNDLE_LOADER = "$(BUILT_PRODUCTS_DIR)/BeaconSender.app/BeaconSender";
				FRAMEWORK_SEARCH_PATHS = (
					"$(SDKROOT)/Developer/Library/Frameworks",
					"$(inherited)",
					"$(DEVELOPER_FRAMEWORKS_DIR)",
				);
				GCC_PRECOMPILE_PREFIX_HEADER = YES;
				GCC_PREFIX_HEADER = "BeaconSender/BeaconSender-Prefix.pch";
				INFOPLIST_FILE = "BeaconSenderTests/BeaconSenderTests-Info.plist";
				PRODUCT_NAME = "$(TARGET_NAME)";
				TEST_HOST = "$(BUNDLE_LOADER)";
				WRAPPER_EXTENSION = xctest;
			};
			name = Release;
		};
/* End XCBuildConfiguration section */

/* Begin XCConfigurationList section */
		D9E8D741190564B1004E152B /* Build configuration list for PBXProject "BeaconSender" */ = {
			isa = XCConfigurationList;
			buildConfigurations = (
				D9E8D776190564B2004E152B /* Debug */,
				D9E8D777190564B2004E152B /* Release */,
			);
			defaultConfigurationIsVisible = 0;
			defaultConfigurationName = Release;
		};
		D9E8D778190564B2004E152B /* Build configuration list for PBXNativeTarget "BeaconSender" */ = {
			isa = XCConfigurationList;
			buildConfigurations = (
				D9E8D779190564B2004E152B /* Debug */,
				D9E8D77A190564B2004E152B /* Release */,
			);
			defaultConfigurationIsVisible = 0;
		};
		D9E8D77B190564B2004E152B /* Build configuration list for PBXNativeTarget "BeaconSenderTests" */ = {
			isa = XCConfigurationList;
			buildConfigurations = (
				D9E8D77C190564B2004E152B /* Debug */,
				D9E8D77D190564B2004E152B /* Release */,
			);
			defaultConfigurationIsVisible = 0;
		};
/* End XCConfigurationList section */
	};
	rootObject = D9E8D73E190564B1004E152B /* Project object */;
}
